PODS:
  - Flutter (1.0.0)
  - ReachabilitySwift (4.3.1)
  - Socket.IO-Client-Swift (15.0.0):
    - Starscream (~> 3.1)
  - Starscream (3.1.1)
  - veriff_flutter (0.1.0):
    - Flutter
    - VeriffSDK (>= 2.6.1)
  - VeriffSDK (2.6.2):
    - ReachabilitySwift (~> 4.3.1)
    - Socket.IO-Client-Swift (~> 15.0.0)
    - VeriffWebRTC (~> 1.0.1)
  - VeriffWebRTC (1.0.1)

DEPENDENCIES:
  - Flutter (from `.symlinks/flutter/ios`)
  - veriff_flutter (from `.symlinks/plugins/veriff_flutter/ios`)

SPEC REPOS:
  trunk:
    - ReachabilitySwift
    - Socket.IO-Client-Swift
    - Starscream
    - VeriffSDK
    - VeriffWebRTC

EXTERNAL SOURCES:
  Flutter:
    :path: ".symlinks/flutter/ios"
  veriff_flutter:
    :path: ".symlinks/plugins/veriff_flutter/ios"

SPEC CHECKSUMS:
  Flutter: 0e3d915762c693b495b44d77113d4970485de6ec
  ReachabilitySwift: 4032e2f59586e11e3b0ebe15b167abdd587a388b
  Socket.IO-Client-Swift: c039a808195d22a7192962841b8c035cb61ea49e
  Starscream: 4bb2f9942274833f7b4d296a55504dcfc7edb7b0
  veriff_flutter: 5fa38bd1f481634f8c11c3ca90f0be236a208cda
  VeriffSDK: dd25d8ba9fbbe986d37e4fdaf429ad69c48c607d
  VeriffWebRTC: 47806fee639a69ae5f82f2b031d20f0014d4a016

PODFILE CHECKSUM: 426cd9b4e72abad4a7754e9ce997e91c1b0e7265

COCOAPODS: 1.8.4
